
Microsoft Visual Studio Solution File, Format Version 12.00
# Visual Studio Version 17
VisualStudioVersion = 17.0.31903.59
MinimumVisualStudioVersion = 10.0.40219.1
Project("{FAE04EC0-301F-11D3-BF4B-00C04F79EFBC}") = "CadastroPessoasApi", "CadastroPessoasApi\CadastroPessoasApi.csproj", "{4D10669D-99A7-4D31-AE84-F00E5247B7FD}"
EndProject
Project("{FAE04EC0-301F-11D3-BF4B-00C04F79EFBC}") = "CadastroPessoasApi.Tests", "CadastroPessoasApi.Tests\CadastroPessoasApi.Tests.csproj", "{4EE976BD-93F9-4AD3-907A-5526244AD749}"
EndProject
Global
	GlobalSection(SolutionConfigurationPlatforms) = preSolution
		Debug|Any CPU = Debug|Any CPU
		Release|Any CPU = Release|Any CPU
	EndGlobalSection
	GlobalSection(SolutionProperties) = preSolution
		HideSolutionNode = FALSE
	EndGlobalSection
	GlobalSection(ProjectConfigurationPlatforms) = postSolution
		{4D10669D-99A7-4D31-AE84-F00E5247B7FD}.Debug|Any CPU.ActiveCfg = Debug|Any CPU
		{4D10669D-99A7-4D31-AE84-F00E5247B7FD}.Debug|Any CPU.Build.0 = Debug|Any CPU
		{4D10669D-99A7-4D31-AE84-F00E5247B7FD}.Release|Any CPU.ActiveCfg = Release|Any CPU
		{4D10669D-99A7-4D31-AE84-F00E5247B7FD}.Release|Any CPU.Build.0 = Release|Any CPU
		{4EE976BD-93F9-4AD3-907A-5526244AD749}.Debug|Any CPU.ActiveCfg = Debug|Any CPU
		{4EE976BD-93F9-4AD3-907A-5526244AD749}.Debug|Any CPU.Build.0 = Debug|Any CPU
		{4EE976BD-93F9-4AD3-907A-5526244AD749}.Release|Any CPU.ActiveCfg = Release|Any CPU
		{4EE976BD-93F9-4AD3-907A-5526244AD749}.Release|Any CPU.Build.0 = Release|Any CPU
	EndGlobalSection
EndGlobal
